
Microsoft Visual Studio Solution File, Format Version 12.00
Project("{2150E333-8FDC-42A3-9474-1A3956D46DE8}") = "Solution Items", "Solution Items", "{1196A8E8-7DBC-4298-A66B-682BB0AC8698}"
	ProjectSection(SolutionItems) = preProject
		compose.yaml = compose.yaml
	EndProjectSection
EndProject
Project("{FAE04EC0-301F-11D3-BF4B-00C04F79EFBC}") = "FitAPI", "FitAPI\FitAPI.csproj", "{B5E76CBD-9146-4859-952F-CB6E3501F4F5}"
EndProject
Project("{FAE04EC0-301F-11D3-BF4B-00C04F79EFBC}") = "FitUI", "FitUI\FitUI.csproj", "{DF807504-DE27-4A28-8549-FB855D222219}"
EndProject
Global
	GlobalSection(SolutionConfigurationPlatforms) = preSolution
		Debug|Any CPU = Debug|Any CPU
		Release|Any CPU = Release|Any CPU
	EndGlobalSection
	GlobalSection(ProjectConfigurationPlatforms) = postSolution
		{B5E76CBD-9146-4859-952F-CB6E3501F4F5}.Debug|Any CPU.ActiveCfg = Debug|Any CPU
		{B5E76CBD-9146-4859-952F-CB6E3501F4F5}.Debug|Any CPU.Build.0 = Debug|Any CPU
		{B5E76CBD-9146-4859-952F-CB6E3501F4F5}.Release|Any CPU.ActiveCfg = Release|Any CPU
		{B5E76CBD-9146-4859-952F-CB6E3501F4F5}.Release|Any CPU.Build.0 = Release|Any CPU
		{DF807504-DE27-4A28-8549-FB855D222219}.Debug|Any CPU.ActiveCfg = Debug|Any CPU
		{DF807504-DE27-4A28-8549-FB855D222219}.Debug|Any CPU.Build.0 = Debug|Any CPU
		{DF807504-DE27-4A28-8549-FB855D222219}.Release|Any CPU.ActiveCfg = Release|Any CPU
		{DF807504-DE27-4A28-8549-FB855D222219}.Release|Any CPU.Build.0 = Release|Any CPU
	EndGlobalSection
EndGlobal
